
Microsoft Visual Studio Solution File, Format Version 12.00
# Visual Studio 15
VisualStudioVersion = 15.0.28307.2092
MinimumVisualStudioVersion = 10.0.40219.1
Project("{FAE04EC0-301F-11D3-BF4B-00C04F79EFBC}") = "CrudApplication", "CrudApplication\CrudApplication.csproj", "{24212F75-9749-465A-A734-F7F7C6FE74F2}"
EndProject
Global
	GlobalSection(SolutionConfigurationPlatforms) = preSolution
		Debug|Any CPU = Debug|Any CPU
		Release|Any CPU = Release|Any CPU
	EndGlobalSection
	GlobalSection(ProjectConfigurationPlatforms) = postSolution
		{24212F75-9749-465A-A734-F7F7C6FE74F2}.Debug|Any CPU.ActiveCfg = Debug|Any CPU
		{24212F75-9749-465A-A734-F7F7C6FE74F2}.Debug|Any CPU.Build.0 = Debug|Any CPU
		{24212F75-9749-465A-A734-F7F7C6FE74F2}.Release|Any CPU.ActiveCfg = Release|Any CPU
		{24212F75-9749-465A-A734-F7F7C6FE74F2}.Release|Any CPU.Build.0 = Release|Any CPU
	EndGlobalSection
	GlobalSection(SolutionProperties) = preSolution
		HideSolutionNode = FALSE
	EndGlobalSection
	GlobalSection(ExtensibilityGlobals) = postSolution
		SolutionGuid = {99BCEDB9-7002-4131-8712-EA0B598A775F}
	EndGlobalSection
EndGlobal
